
Microsoft Visual Studio Solution File, Format Version 12.00
# Visual Studio Version 16
VisualStudioVersion = 16.0.30320.27
MinimumVisualStudioVersion = 10.0.40219.1
Project("{9A19103F-16F7-4668-BE54-9A1E7A4F7556}") = "Genetics Questions", "Genetics Questions\Genetics Questions.csproj", "{9271D13B-973C-4049-90C7-591A074C3601}"
EndProject
Global
	GlobalSection(SolutionConfigurationPlatforms) = preSolution
		Debug|Any CPU = Debug|Any CPU
		Release|Any CPU = Release|Any CPU
	EndGlobalSection
	GlobalSection(ProjectConfigurationPlatforms) = postSolution
		{9271D13B-973C-4049-90C7-591A074C3601}.Debug|Any CPU.ActiveCfg = Debug|Any CPU
		{9271D13B-973C-4049-90C7-591A074C3601}.Debug|Any CPU.Build.0 = Debug|Any CPU
		{9271D13B-973C-4049-90C7-591A074C3601}.Release|Any CPU.ActiveCfg = Release|Any CPU
		{9271D13B-973C-4049-90C7-591A074C3601}.Release|Any CPU.Build.0 = Release|Any CPU
	EndGlobalSection
	GlobalSection(SolutionProperties) = preSolution
		HideSolutionNode = FALSE
	EndGlobalSection
	GlobalSection(ExtensibilityGlobals) = postSolution
		SolutionGuid = {AF3B4191-D1AB-456C-BDC3-AD31C11A3B85}
	EndGlobalSection
EndGlobal
